// !$*UTF8*$!
{
	archiveVersion = 1;
	classes = {
	};
	objectVersion = 56;
	objects = {

/* Begin PBXBuildFile section */
		72FA0B1BDB9CA6E3DAB24D46 /* Pods_Gymestry.framework in Frameworks */ = {isa = PBXBuildFile; fileRef = 952D3198F2799CE82B103917 /* Pods_Gymestry.framework */; };
		F50010E12AAF97200040FBD7 /* AppDelegate.swift in Sources */ = {isa = PBXBuildFile; fileRef = F50010E02AAF97200040FBD7 /* AppDelegate.swift */; };
		F50010E32AAF97200040FBD7 /* SceneDelegate.swift in Sources */ = {isa = PBXBuildFile; fileRef = F50010E22AAF97200040FBD7 /* SceneDelegate.swift */; };
		F50010E52AAF97200040FBD7 /* ViewController.swift in Sources */ = {isa = PBXBuildFile; fileRef = F50010E42AAF97200040FBD7 /* ViewController.swift */; };
		F50010E82AAF97200040FBD7 /* Main.storyboard in Resources */ = {isa = PBXBuildFile; fileRef = F50010E62AAF97200040FBD7 /* Main.storyboard */; };
		F50010EA2AAF97200040FBD7 /* Assets.xcassets in Resources */ = {isa = PBXBuildFile; fileRef = F50010E92AAF97200040FBD7 /* Assets.xcassets */; };
		F50010ED2AAF97200040FBD7 /* LaunchScreen.storyboard in Resources */ = {isa = PBXBuildFile; fileRef = F50010EB2AAF97200040FBD7 /* LaunchScreen.storyboard */; };
		F50010F62AAF97790040FBD7 /* Tabbar.swift in Sources */ = {isa = PBXBuildFile; fileRef = F50010F52AAF97790040FBD7 /* Tabbar.swift */; };
		F50010FB2AAFA1270040FBD7 /* DirectoryController.swift in Sources */ = {isa = PBXBuildFile; fileRef = F50010FA2AAFA1270040FBD7 /* DirectoryController.swift */; };
		F50010FE2AB082E80040FBD7 /* DirectoryCell.swift in Sources */ = {isa = PBXBuildFile; fileRef = F50010FD2AB082E80040FBD7 /* DirectoryCell.swift */; };
		F50011002AB0B1410040FBD7 /* DirectoryModel.swift in Sources */ = {isa = PBXBuildFile; fileRef = F50010FF2AB0B1410040FBD7 /* DirectoryModel.swift */; };
		F50011442AB770830040FBD7 /* GradientView.swift in Sources */ = {isa = PBXBuildFile; fileRef = F50011432AB770830040FBD7 /* GradientView.swift */; };
		F50011472AB784C80040FBD7 /* GroupMusclesModel.swift in Sources */ = {isa = PBXBuildFile; fileRef = F50011462AB784C80040FBD7 /* GroupMusclesModel.swift */; };
		F50011492AB787C10040FBD7 /* ListMusclesController.swift in Sources */ = {isa = PBXBuildFile; fileRef = F50011482AB787C10040FBD7 /* ListMusclesController.swift */; };
		F500114B2AB78BB30040FBD7 /* ListMusclesCell.swift in Sources */ = {isa = PBXBuildFile; fileRef = F500114A2AB78BB30040FBD7 /* ListMusclesCell.swift */; };
		F500114E2AB799BB0040FBD7 /* CalendarController.swift in Sources */ = {isa = PBXBuildFile; fileRef = F500114D2AB799BB0040FBD7 /* CalendarController.swift */; };
		F50011532AB8BCA70040FBD7 /* SporteatController.swift in Sources */ = {isa = PBXBuildFile; fileRef = F50011522AB8BCA70040FBD7 /* SporteatController.swift */; };
		F50011562AB8C2140040FBD7 /* SporteatModel.swift in Sources */ = {isa = PBXBuildFile; fileRef = F50011552AB8C2140040FBD7 /* SporteatModel.swift */; };
		F50011582AB8C7250040FBD7 /* SporteatCell.swift in Sources */ = {isa = PBXBuildFile; fileRef = F50011572AB8C7250040FBD7 /* SporteatCell.swift */; };
		F500115D2ABA267A0040FBD7 /* EatDetails.swift in Sources */ = {isa = PBXBuildFile; fileRef = F500115C2ABA267A0040FBD7 /* EatDetails.swift */; };
		F50F46422AEDAB01002BA313 /* ResultController.swift in Sources */ = {isa = PBXBuildFile; fileRef = F50F46412AEDAB01002BA313 /* ResultController.swift */; };
		F50F46492AEF0498002BA313 /* EncyclopediaController.swift in Sources */ = {isa = PBXBuildFile; fileRef = F50F46482AEF0498002BA313 /* EncyclopediaController.swift */; };
		F573EE5A2AC9BBA300CC1094 /* ProfileController.swift in Sources */ = {isa = PBXBuildFile; fileRef = F573EE592AC9BBA300CC1094 /* ProfileController.swift */; };
		F573EE5C2AC9BE2400CC1094 /* ProgramController.swift in Sources */ = {isa = PBXBuildFile; fileRef = F573EE5B2AC9BE2400CC1094 /* ProgramController.swift */; };
		F573EE5E2AC9C6B000CC1094 /* CalculatorController.swift in Sources */ = {isa = PBXBuildFile; fileRef = F573EE5D2AC9C6B000CC1094 /* CalculatorController.swift */; };
		F585CEA22AD00A40001181B7 /* InputView.swift in Sources */ = {isa = PBXBuildFile; fileRef = F585CEA12AD00A40001181B7 /* InputView.swift */; };
		F585CEA42AD00B5C001181B7 /* InputLabel.swift in Sources */ = {isa = PBXBuildFile; fileRef = F585CEA32AD00B5C001181B7 /* InputLabel.swift */; };
		F585CEA62AD0138B001181B7 /* GoogleService-Info.plist in Resources */ = {isa = PBXBuildFile; fileRef = F585CEA52AD0138B001181B7 /* GoogleService-Info.plist */; };
		F585CEAB2AD04DB7001181B7 /* RegistrController.swift in Sources */ = {isa = PBXBuildFile; fileRef = F585CEAA2AD04DB7001181B7 /* RegistrController.swift */; };
		F585CEAD2AD1EFD3001181B7 /* GradientButton.swift in Sources */ = {isa = PBXBuildFile; fileRef = F585CEAC2AD1EFD3001181B7 /* GradientButton.swift */; };
		F585CEAF2AD2F15A001181B7 /* LogInController.swift in Sources */ = {isa = PBXBuildFile; fileRef = F585CEAE2AD2F15A001181B7 /* LogInController.swift */; };
		F585CEED2AD58D51001181B7 /* Environment.swift in Sources */ = {isa = PBXBuildFile; fileRef = F585CEEC2AD58D51001181B7 /* Environment.swift */; };
		F585CEF02AD80ADF001181B7 /* ChooseButton.swift in Sources */ = {isa = PBXBuildFile; fileRef = F585CEEF2AD80ADF001181B7 /* ChooseButton.swift */; };
		F5A47EDD2AC1E88200570FB5 /* GifLoader.swift in Sources */ = {isa = PBXBuildFile; fileRef = F5A47EDC2AC1E88200570FB5 /* GifLoader.swift */; };
		F5A47EE52AC1F4AE00570FB5 /* creatine.txt in Resources */ = {isa = PBXBuildFile; fileRef = F5A47EE12AC1F3A700570FB5 /* creatine.txt */; };
		F5A47EE62AC1F4B200570FB5 /* gainer.txt in Resources */ = {isa = PBXBuildFile; fileRef = F5A47EE22AC1F3AA00570FB5 /* gainer.txt */; };
		F5A47EE72AC1F4B400570FB5 /* aminoAcids.txt in Resources */ = {isa = PBXBuildFile; fileRef = F5A47EE02AC1F3A300570FB5 /* aminoAcids.txt */; };
		F5A47EE82AC1F4B700570FB5 /* l-carnitine.txt in Resources */ = {isa = PBXBuildFile; fileRef = F5A47EE42AC1F3B000570FB5 /* l-carnitine.txt */; };
		F5A47EE92AC1F4BB00570FB5 /* vitamins.txt in Resources */ = {isa = PBXBuildFile; fileRef = F5A47EDF2AC1F39E00570FB5 /* vitamins.txt */; };
		F5A47EEA2AC1F4BD00570FB5 /* weightloss.txt in Resources */ = {isa = PBXBuildFile; fileRef = F5A47EE32AC1F3AD00570FB5 /* weightloss.txt */; };
		F5A47EEC2AC1F54800570FB5 /* ExercisesListController.swift in Sources */ = {isa = PBXBuildFile; fileRef = F5A47EEB2AC1F54800570FB5 /* ExercisesListController.swift */; };
		F5A47EF02AC2286300570FB5 /* ExercisesCell.swift in Sources */ = {isa = PBXBuildFile; fileRef = F5A47EEF2AC2286300570FB5 /* ExercisesCell.swift */; };
/* End PBXBuildFile section */

/* Begin PBXFileReference section */
		2FA9F2AF55D413BFDDCAA45B /* Pods-Gymestry.debug.xcconfig */ = {isa = PBXFileReference; includeInIndex = 1; lastKnownFileType = text.xcconfig; name = "Pods-Gymestry.debug.xcconfig"; path = "Target Support Files/Pods-Gymestry/Pods-Gymestry.debug.xcconfig"; sourceTree = "<group>"; };
		37EA37FF66B0764E3C57831B /* Pods-Gymestry.release.xcconfig */ = {isa = PBXFileReference; includeInIndex = 1; lastKnownFileType = text.xcconfig; name = "Pods-Gymestry.release.xcconfig"; path = "Target Support Files/Pods-Gymestry/Pods-Gymestry.release.xcconfig"; sourceTree = "<group>"; };
		952D3198F2799CE82B103917 /* Pods_Gymestry.framework */ = {isa = PBXFileReference; explicitFileType = wrapper.framework; includeInIndex = 0; path = Pods_Gymestry.framework; sourceTree = BUILT_PRODUCTS_DIR; };
		F50010DD2AAF97200040FBD7 /* Gymestry.app */ = {isa = PBXFileReference; explicitFileType = wrapper.application; includeInIndex = 0; path = Gymestry.app; sourceTree = BUILT_PRODUCTS_DIR; };
		F50010E02AAF97200040FBD7 /* AppDelegate.swift */ = {isa = PBXFileReference; lastKnownFileType = sourcecode.swift; path = AppDelegate.swift; sourceTree = "<group>"; };
		F50010E22AAF97200040FBD7 /* SceneDelegate.swift */ = {isa = PBXFileReference; lastKnownFileType = sourcecode.swift; path = SceneDelegate.swift; sourceTree = "<group>"; };
		F50010E42AAF97200040FBD7 /* ViewController.swift */ = {isa = PBXFileReference; lastKnownFileType = sourcecode.swift; path = ViewController.swift; sourceTree = "<group>"; };
		F50010E72AAF97200040FBD7 /* Base */ = {isa = PBXFileReference; lastKnownFileType = file.storyboard; name = Base; path = Base.lproj/Main.storyboard; sourceTree = "<group>"; };
		F50010E92AAF97200040FBD7 /* Assets.xcassets */ = {isa = PBXFileReference; lastKnownFileType = folder.assetcatalog; path = Assets.xcassets; sourceTree = "<group>"; };
		F50010EC2AAF97200040FBD7 /* Base */ = {isa = PBXFileReference; lastKnownFileType = file.storyboard; name = Base; path = Base.lproj/LaunchScreen.storyboard; sourceTree = "<group>"; };
		F50010EE2AAF97200040FBD7 /* Info.plist */ = {isa = PBXFileReference; lastKnownFileType = text.plist.xml; path = Info.plist; sourceTree = "<group>"; };
		F50010F52AAF97790040FBD7 /* Tabbar.swift */ = {isa = PBXFileReference; lastKnownFileType = sourcecode.swift; path = Tabbar.swift; sourceTree = "<group>"; };
		F50010FA2AAFA1270040FBD7 /* DirectoryController.swift */ = {isa = PBXFileReference; lastKnownFileType = sourcecode.swift; path = DirectoryController.swift; sourceTree = "<group>"; };
		F50010FD2AB082E80040FBD7 /* DirectoryCell.swift */ = {isa = PBXFileReference; lastKnownFileType = sourcecode.swift; path = DirectoryCell.swift; sourceTree = "<group>"; };
		F50010FF2AB0B1410040FBD7 /* DirectoryModel.swift */ = {isa = PBXFileReference; lastKnownFileType = sourcecode.swift; path = DirectoryModel.swift; sourceTree = "<group>"; };
		F50011432AB770830040FBD7 /* GradientView.swift */ = {isa = PBXFileReference; lastKnownFileType = sourcecode.swift; path = GradientView.swift; sourceTree = "<group>"; };
		F50011462AB784C80040FBD7 /* GroupMusclesModel.swift */ = {isa = PBXFileReference; lastKnownFileType = sourcecode.swift; path = GroupMusclesModel.swift; sourceTree = "<group>"; };
		F50011482AB787C10040FBD7 /* ListMusclesController.swift */ = {isa = PBXFileReference; lastKnownFileType = sourcecode.swift; path = ListMusclesController.swift; sourceTree = "<group>"; };
		F500114A2AB78BB30040FBD7 /* ListMusclesCell.swift */ = {isa = PBXFileReference; lastKnownFileType = sourcecode.swift; path = ListMusclesCell.swift; sourceTree = "<group>"; };
		F500114D2AB799BB0040FBD7 /* CalendarController.swift */ = {isa = PBXFileReference; lastKnownFileType = sourcecode.swift; path = CalendarController.swift; sourceTree = "<group>"; };
		F50011522AB8BCA70040FBD7 /* SporteatController.swift */ = {isa = PBXFileReference; lastKnownFileType = sourcecode.swift; path = SporteatController.swift; sourceTree = "<group>"; };
		F50011552AB8C2140040FBD7 /* SporteatModel.swift */ = {isa = PBXFileReference; lastKnownFileType = sourcecode.swift; path = SporteatModel.swift; sourceTree = "<group>"; };
		F50011572AB8C7250040FBD7 /* SporteatCell.swift */ = {isa = PBXFileReference; lastKnownFileType = sourcecode.swift; path = SporteatCell.swift; sourceTree = "<group>"; };
		F500115C2ABA267A0040FBD7 /* EatDetails.swift */ = {isa = PBXFileReference; lastKnownFileType = sourcecode.swift; path = EatDetails.swift; sourceTree = "<group>"; };
		F50F46412AEDAB01002BA313 /* ResultController.swift */ = {isa = PBXFileReference; lastKnownFileType = sourcecode.swift; path = ResultController.swift; sourceTree = "<group>"; };
		F50F46482AEF0498002BA313 /* EncyclopediaController.swift */ = {isa = PBXFileReference; lastKnownFileType = sourcecode.swift; path = EncyclopediaController.swift; sourceTree = "<group>"; };
		F573EE592AC9BBA300CC1094 /* ProfileController.swift */ = {isa = PBXFileReference; lastKnownFileType = sourcecode.swift; path = ProfileController.swift; sourceTree = "<group>"; };
		F573EE5B2AC9BE2400CC1094 /* ProgramController.swift */ = {isa = PBXFileReference; lastKnownFileType = sourcecode.swift; path = ProgramController.swift; sourceTree = "<group>"; };
		F573EE5D2AC9C6B000CC1094 /* CalculatorController.swift */ = {isa = PBXFileReference; lastKnownFileType = sourcecode.swift; path = CalculatorController.swift; sourceTree = "<group>"; };
		F585CEA12AD00A40001181B7 /* InputView.swift */ = {isa = PBXFileReference; lastKnownFileType = sourcecode.swift; path = InputView.swift; sourceTree = "<group>"; };
		F585CEA32AD00B5C001181B7 /* InputLabel.swift */ = {isa = PBXFileReference; lastKnownFileType = sourcecode.swift; path = InputLabel.swift; sourceTree = "<group>"; };
		F585CEA52AD0138B001181B7 /* GoogleService-Info.plist */ = {isa = PBXFileReference; fileEncoding = 4; lastKnownFileType = text.plist.xml; path = "GoogleService-Info.plist"; sourceTree = "<group>"; };
		F585CEAA2AD04DB7001181B7 /* RegistrController.swift */ = {isa = PBXFileReference; lastKnownFileType = sourcecode.swift; path = RegistrController.swift; sourceTree = "<group>"; };
		F585CEAC2AD1EFD3001181B7 /* GradientButton.swift */ = {isa = PBXFileReference; lastKnownFileType = sourcecode.swift; path = GradientButton.swift; sourceTree = "<group>"; };
		F585CEAE2AD2F15A001181B7 /* LogInController.swift */ = {isa = PBXFileReference; lastKnownFileType = sourcecode.swift; path = LogInController.swift; sourceTree = "<group>"; };
		F585CEEC2AD58D51001181B7 /* Environment.swift */ = {isa = PBXFileReference; lastKnownFileType = sourcecode.swift; path = Environment.swift; sourceTree = "<group>"; };
		F585CEEF2AD80ADF001181B7 /* ChooseButton.swift */ = {isa = PBXFileReference; lastKnownFileType = sourcecode.swift; path = ChooseButton.swift; sourceTree = "<group>"; };
		F5A47EDC2AC1E88200570FB5 /* GifLoader.swift */ = {isa = PBXFileReference; lastKnownFileType = sourcecode.swift; path = GifLoader.swift; sourceTree = "<group>"; };
		F5A47EDF2AC1F39E00570FB5 /* vitamins.txt */ = {isa = PBXFileReference; lastKnownFileType = text; path = vitamins.txt; sourceTree = "<group>"; };
		F5A47EE02AC1F3A300570FB5 /* aminoAcids.txt */ = {isa = PBXFileReference; lastKnownFileType = text; path = aminoAcids.txt; sourceTree = "<group>"; };
		F5A47EE12AC1F3A700570FB5 /* creatine.txt */ = {isa = PBXFileReference; lastKnownFileType = text; path = creatine.txt; sourceTree = "<group>"; };
		F5A47EE22AC1F3AA00570FB5 /* gainer.txt */ = {isa = PBXFileReference; lastKnownFileType = text; path = gainer.txt; sourceTree = "<group>"; };
		F5A47EE32AC1F3AD00570FB5 /* weightloss.txt */ = {isa = PBXFileReference; lastKnownFileType = text; path = weightloss.txt; sourceTree = "<group>"; };
		F5A47EE42AC1F3B000570FB5 /* l-carnitine.txt */ = {isa = PBXFileReference; lastKnownFileType = text; path = "l-carnitine.txt"; sourceTree = "<group>"; };
		F5A47EEB2AC1F54800570FB5 /* ExercisesListController.swift */ = {isa = PBXFileReference; lastKnownFileType = sourcecode.swift; path = ExercisesListController.swift; sourceTree = "<group>"; };
		F5A47EEF2AC2286300570FB5 /* ExercisesCell.swift */ = {isa = PBXFileReference; lastKnownFileType = sourcecode.swift; path = ExercisesCell.swift; sourceTree = "<group>"; };
/* End PBXFileReference section */

/* Begin PBXFrameworksBuildPhase section */
		F50010DA2AAF97200040FBD7 /* Frameworks */ = {
			isa = PBXFrameworksBuildPhase;
			buildActionMask = 2147483647;
			files = (
				72FA0B1BDB9CA6E3DAB24D46 /* Pods_Gymestry.framework in Frameworks */,
			);
			runOnlyForDeploymentPostprocessing = 0;
		};
/* End PBXFrameworksBuildPhase section */

/* Begin PBXGroup section */
		9980982EE99DCF76582133F4 /* Frameworks */ = {
			isa = PBXGroup;
			children = (
				952D3198F2799CE82B103917 /* Pods_Gymestry.framework */,
			);
			name = Frameworks;
			sourceTree = "<group>";
		};
		BFBA9B6DA8A1C0E2371CFED3 /* Pods */ = {
			isa = PBXGroup;
			children = (
				2FA9F2AF55D413BFDDCAA45B /* Pods-Gymestry.debug.xcconfig */,
				37EA37FF66B0764E3C57831B /* Pods-Gymestry.release.xcconfig */,
			);
			path = Pods;
			sourceTree = "<group>";
		};
		F50010D42AAF97200040FBD7 = {
			isa = PBXGroup;
			children = (
				F50010DF2AAF97200040FBD7 /* Gymestry */,
				F50010DE2AAF97200040FBD7 /* Products */,
				BFBA9B6DA8A1C0E2371CFED3 /* Pods */,
				9980982EE99DCF76582133F4 /* Frameworks */,
			);
			sourceTree = "<group>";
		};
		F50010DE2AAF97200040FBD7 /* Products */ = {
			isa = PBXGroup;
			children = (
				F50010DD2AAF97200040FBD7 /* Gymestry.app */,
			);
			name = Products;
			sourceTree = "<group>";
		};
		F50010DF2AAF97200040FBD7 /* Gymestry */ = {
			isa = PBXGroup;
			children = (
				F585CEEB2AD58CCF001181B7 /* SignInControllers */,
				F585CEA02AD00A1B001181B7 /* UI */,
				F5A47EEE2AC1FA8E00570FB5 /* Texts */,
				F5A47EED2AC1F56D00570FB5 /* Gifs */,
				F50010F42AAF97440040FBD7 /* ControllersDirectory */,
				F500114C2AB7996C0040FBD7 /* ControllersTabbar */,
				F50011452AB784730040FBD7 /* Models */,
				F50011422AB7706E0040FBD7 /* Details */,
				F50010FC2AB082C80040FBD7 /* Cells */,
				F50010E02AAF97200040FBD7 /* AppDelegate.swift */,
				F50010E22AAF97200040FBD7 /* SceneDelegate.swift */,
				F50010E42AAF97200040FBD7 /* ViewController.swift */,
				F50010E62AAF97200040FBD7 /* Main.storyboard */,
				F50010E92AAF97200040FBD7 /* Assets.xcassets */,
				F50010EB2AAF97200040FBD7 /* LaunchScreen.storyboard */,
				F585CEA52AD0138B001181B7 /* GoogleService-Info.plist */,
				F50010EE2AAF97200040FBD7 /* Info.plist */,
				F50010F52AAF97790040FBD7 /* Tabbar.swift */,
				F585CEEC2AD58D51001181B7 /* Environment.swift */,
			);
			path = Gymestry;
			sourceTree = "<group>";
		};
		F50010F42AAF97440040FBD7 /* ControllersDirectory */ = {
			isa = PBXGroup;
			children = (
				F50011482AB787C10040FBD7 /* ListMusclesController.swift */,
				F50011522AB8BCA70040FBD7 /* SporteatController.swift */,
				F500115C2ABA267A0040FBD7 /* EatDetails.swift */,
				F5A47EEB2AC1F54800570FB5 /* ExercisesListController.swift */,
				F573EE5D2AC9C6B000CC1094 /* CalculatorController.swift */,
				F50F46412AEDAB01002BA313 /* ResultController.swift */,
				F50F46482AEF0498002BA313 /* EncyclopediaController.swift */,
			);
			path = ControllersDirectory;
			sourceTree = "<group>";
		};
		F50010FC2AB082C80040FBD7 /* Cells */ = {
			isa = PBXGroup;
			children = (
				F50010FD2AB082E80040FBD7 /* DirectoryCell.swift */,
				F500114A2AB78BB30040FBD7 /* ListMusclesCell.swift */,
				F50011572AB8C7250040FBD7 /* SporteatCell.swift */,
				F5A47EEF2AC2286300570FB5 /* ExercisesCell.swift */,
			);
			path = Cells;
			sourceTree = "<group>";
		};
		F50011422AB7706E0040FBD7 /* Details */ = {
			isa = PBXGroup;
			children = (
				F50011432AB770830040FBD7 /* GradientView.swift */,
				F5A47EDC2AC1E88200570FB5 /* GifLoader.swift */,
			);
			path = Details;
			sourceTree = "<group>";
		};
		F50011452AB784730040FBD7 /* Models */ = {
			isa = PBXGroup;
			children = (
				F50010FF2AB0B1410040FBD7 /* DirectoryModel.swift */,
				F50011462AB784C80040FBD7 /* GroupMusclesModel.swift */,
				F50011552AB8C2140040FBD7 /* SporteatModel.swift */,
			);
			path = Models;
			sourceTree = "<group>";
		};
		F500114C2AB7996C0040FBD7 /* ControllersTabbar */ = {
			isa = PBXGroup;
			children = (
				F50010FA2AAFA1270040FBD7 /* DirectoryController.swift */,
				F500114D2AB799BB0040FBD7 /* CalendarController.swift */,
				F573EE592AC9BBA300CC1094 /* ProfileController.swift */,
				F573EE5B2AC9BE2400CC1094 /* ProgramController.swift */,
			);
			path = ControllersTabbar;
			sourceTree = "<group>";
		};
		F585CEA02AD00A1B001181B7 /* UI */ = {
			isa = PBXGroup;
			children = (
				F585CEA12AD00A40001181B7 /* InputView.swift */,
				F585CEA32AD00B5C001181B7 /* InputLabel.swift */,
				F585CEAC2AD1EFD3001181B7 /* GradientButton.swift */,
				F585CEEF2AD80ADF001181B7 /* ChooseButton.swift */,
			);
			path = UI;
			sourceTree = "<group>";
		};
		F585CEEB2AD58CCF001181B7 /* SignInControllers */ = {
			isa = PBXGroup;
			children = (
				F585CEAE2AD2F15A001181B7 /* LogInController.swift */,
				F585CEAA2AD04DB7001181B7 /* RegistrController.swift */,
			);
			path = SignInControllers;
			sourceTree = "<group>";
		};
		F5A47EED2AC1F56D00570FB5 /* Gifs */ = {
			isa = PBXGroup;
			children = (
			);
			path = Gifs;
			sourceTree = "<group>";
		};
		F5A47EEE2AC1FA8E00570FB5 /* Texts */ = {
			isa = PBXGroup;
			children = (
				F5A47EE02AC1F3A300570FB5 /* aminoAcids.txt */,
				F5A47EE22AC1F3AA00570FB5 /* gainer.txt */,
				F5A47EE12AC1F3A700570FB5 /* creatine.txt */,
				F5A47EE42AC1F3B000570FB5 /* l-carnitine.txt */,
				F5A47EE32AC1F3AD00570FB5 /* weightloss.txt */,
				F5A47EDF2AC1F39E00570FB5 /* vitamins.txt */,
			);
			path = Texts;
			sourceTree = "<group>";
		};
/* End PBXGroup section */

/* Begin PBXNativeTarget section */
		F50010DC2AAF97200040FBD7 /* Gymestry */ = {
			isa = PBXNativeTarget;
			buildConfigurationList = F50010F12AAF97200040FBD7 /* Build configuration list for PBXNativeTarget "Gymestry" */;
			buildPhases = (
				3A8EA98EAF66E27591F84E92 /* [CP] Check Pods Manifest.lock */,
				F50010D92AAF97200040FBD7 /* Sources */,
				F50010DA2AAF97200040FBD7 /* Frameworks */,
				F50010DB2AAF97200040FBD7 /* Resources */,
				52F8B1318E15E85A51E274B5 /* [CP] Embed Pods Frameworks */,
			);
			buildRules = (
			);
			dependencies = (
			);
			name = Gymestry;
			packageProductDependencies = (
			);
			productName = Gymestry;
			productReference = F50010DD2AAF97200040FBD7 /* Gymestry.app */;
			productType = "com.apple.product-type.application";
		};
/* End PBXNativeTarget section */

/* Begin PBXProject section */
		F50010D52AAF97200040FBD7 /* Project object */ = {
			isa = PBXProject;
			attributes = {
				BuildIndependentTargetsInParallel = 1;
				LastSwiftUpdateCheck = 1430;
				LastUpgradeCheck = 1430;
				TargetAttributes = {
					F50010DC2AAF97200040FBD7 = {
						CreatedOnToolsVersion = 14.3.1;
					};
				};
			};
			buildConfigurationList = F50010D82AAF97200040FBD7 /* Build configuration list for PBXProject "Gymestry" */;
			compatibilityVersion = "Xcode 14.0";
			developmentRegion = en;
			hasScannedForEncodings = 0;
			knownRegions = (
				en,
				Base,
			);
			mainGroup = F50010D42AAF97200040FBD7;
			packageReferences = (
			);
			productRefGroup = F50010DE2AAF97200040FBD7 /* Products */;
			projectDirPath = "";
			projectRoot = "";
			targets = (
				F50010DC2AAF97200040FBD7 /* Gymestry */,
			);
		};
/* End PBXProject section */

/* Begin PBXResourcesBuildPhase section */
		F50010DB2AAF97200040FBD7 /* Resources */ = {
			isa = PBXResourcesBuildPhase;
			buildActionMask = 2147483647;
			files = (
				F5A47EE82AC1F4B700570FB5 /* l-carnitine.txt in Resources */,
				F50010ED2AAF97200040FBD7 /* LaunchScreen.storyboard in Resources */,
				F5A47EE52AC1F4AE00570FB5 /* creatine.txt in Resources */,
				F50010EA2AAF97200040FBD7 /* Assets.xcassets in Resources */,
				F5A47EE62AC1F4B200570FB5 /* gainer.txt in Resources */,
				F5A47EEA2AC1F4BD00570FB5 /* weightloss.txt in Resources */,
				F5A47EE92AC1F4BB00570FB5 /* vitamins.txt in Resources */,
				F585CEA62AD0138B001181B7 /* GoogleService-Info.plist in Resources */,
				F5A47EE72AC1F4B400570FB5 /* aminoAcids.txt in Resources */,
				F50010E82AAF97200040FBD7 /* Main.storyboard in Resources */,
			);
			runOnlyForDeploymentPostprocessing = 0;
		};
/* End PBXResourcesBuildPhase section */

/* Begin PBXShellScriptBuildPhase section */
		3A8EA98EAF66E27591F84E92 /* [CP] Check Pods Manifest.lock */ = {
			isa = PBXShellScriptBuildPhase;
			buildActionMask = 2147483647;
			files = (
			);
			inputFileListPaths = (
			);
			inputPaths = (
				"${PODS_PODFILE_DIR_PATH}/Podfile.lock",
				"${PODS_ROOT}/Manifest.lock",
			);
			name = "[CP] Check Pods Manifest.lock";
			outputFileListPaths = (
			);
			outputPaths = (
				"$(DERIVED_FILE_DIR)/Pods-Gymestry-checkManifestLockResult.txt",
			);
			runOnlyForDeploymentPostprocessing = 0;
			shellPath = /bin/sh;
			shellScript = "diff \"${PODS_PODFILE_DIR_PATH}/Podfile.lock\" \"${PODS_ROOT}/Manifest.lock\" > /dev/null\nif [ $? != 0 ] ; then\n    # print error to STDERR\n    echo \"error: The sandbox is not in sync with the Podfile.lock. Run 'pod install' or update your CocoaPods installation.\" >&2\n    exit 1\nfi\n# This output is used by Xcode 'outputs' to avoid re-running this script phase.\necho \"SUCCESS\" > \"${SCRIPT_OUTPUT_FILE_0}\"\n";
			showEnvVarsInLog = 0;
		};
		52F8B1318E15E85A51E274B5 /* [CP] Embed Pods Frameworks */ = {
			isa = PBXShellScriptBuildPhase;
			buildActionMask = 2147483647;
			files = (
			);
			inputFileListPaths = (
				"${PODS_ROOT}/Target Support Files/Pods-Gymestry/Pods-Gymestry-frameworks-${CONFIGURATION}-input-files.xcfilelist",
			);
			name = "[CP] Embed Pods Frameworks";
			outputFileListPaths = (
				"${PODS_ROOT}/Target Support Files/Pods-Gymestry/Pods-Gymestry-frameworks-${CONFIGURATION}-output-files.xcfilelist",
			);
			runOnlyForDeploymentPostprocessing = 0;
			shellPath = /bin/sh;
			shellScript = "\"${PODS_ROOT}/Target Support Files/Pods-Gymestry/Pods-Gymestry-frameworks.sh\"\n";
			showEnvVarsInLog = 0;
		};
/* End PBXShellScriptBuildPhase section */

/* Begin PBXSourcesBuildPhase section */
		F50010D92AAF97200040FBD7 /* Sources */ = {
			isa = PBXSourcesBuildPhase;
			buildActionMask = 2147483647;
			files = (
				F5A47EF02AC2286300570FB5 /* ExercisesCell.swift in Sources */,
				F50010E52AAF97200040FBD7 /* ViewController.swift in Sources */,
				F50F46422AEDAB01002BA313 /* ResultController.swift in Sources */,
				F500114E2AB799BB0040FBD7 /* CalendarController.swift in Sources */,
				F50F46492AEF0498002BA313 /* EncyclopediaController.swift in Sources */,
				F585CEA22AD00A40001181B7 /* InputView.swift in Sources */,
				F573EE5E2AC9C6B000CC1094 /* CalculatorController.swift in Sources */,
				F50010FB2AAFA1270040FBD7 /* DirectoryController.swift in Sources */,
				F50010E12AAF97200040FBD7 /* AppDelegate.swift in Sources */,
				F585CEAB2AD04DB7001181B7 /* RegistrController.swift in Sources */,
				F50011532AB8BCA70040FBD7 /* SporteatController.swift in Sources */,
				F50010FE2AB082E80040FBD7 /* DirectoryCell.swift in Sources */,
				F50011492AB787C10040FBD7 /* ListMusclesController.swift in Sources */,
				F5A47EDD2AC1E88200570FB5 /* GifLoader.swift in Sources */,
				F50011002AB0B1410040FBD7 /* DirectoryModel.swift in Sources */,
				F50010E32AAF97200040FBD7 /* SceneDelegate.swift in Sources */,
				F50011562AB8C2140040FBD7 /* SporteatModel.swift in Sources */,
				F5A47EEC2AC1F54800570FB5 /* ExercisesListController.swift in Sources */,
				F50011442AB770830040FBD7 /* GradientView.swift in Sources */,
				F585CEED2AD58D51001181B7 /* Environment.swift in Sources */,
				F500115D2ABA267A0040FBD7 /* EatDetails.swift in Sources */,
				F573EE5A2AC9BBA300CC1094 /* ProfileController.swift in Sources */,
				F50011582AB8C7250040FBD7 /* SporteatCell.swift in Sources */,
				F585CEA42AD00B5C001181B7 /* InputLabel.swift in Sources */,
				F585CEF02AD80ADF001181B7 /* ChooseButton.swift in Sources */,
				F500114B2AB78BB30040FBD7 /* ListMusclesCell.swift in Sources */,
				F585CEAF2AD2F15A001181B7 /* LogInController.swift in Sources */,
				F50011472AB784C80040FBD7 /* GroupMusclesModel.swift in Sources */,
				F585CEAD2AD1EFD3001181B7 /* GradientButton.swift in Sources */,
				F50010F62AAF97790040FBD7 /* Tabbar.swift in Sources */,
				F573EE5C2AC9BE2400CC1094 /* ProgramController.swift in Sources */,
			);
			runOnlyForDeploymentPostprocessing = 0;
		};
/* End PBXSourcesBuildPhase section */

/* Begin PBXVariantGroup section */
		F50010E62AAF97200040FBD7 /* Main.storyboard */ = {
			isa = PBXVariantGroup;
			children = (
				F50010E72AAF97200040FBD7 /* Base */,
			);
			name = Main.storyboard;
			sourceTree = "<group>";
		};
		F50010EB2AAF97200040FBD7 /* LaunchScreen.storyboard */ = {
			isa = PBXVariantGroup;
			children = (
				F50010EC2AAF97200040FBD7 /* Base */,
			);
			name = LaunchScreen.storyboard;
			sourceTree = "<group>";
		};
/* End PBXVariantGroup section */

/* Begin XCBuildConfiguration section */
		F50010EF2AAF97200040FBD7 /* Debug */ = {
			isa = XCBuildConfiguration;
			buildSettings = {
				ALWAYS_SEARCH_USER_PATHS = NO;
				CLANG_ANALYZER_NONNULL = YES;
				CLANG_ANALYZER_NUMBER_OBJECT_CONVERSION = YES_AGGRESSIVE;
				CLANG_CXX_LANGUAGE_STANDARD = "gnu++20";
				CLANG_ENABLE_MODULES = YES;
				CLANG_ENABLE_OBJC_ARC = YES;
				CLANG_ENABLE_OBJC_WEAK = YES;
				CLANG_WARN_BLOCK_CAPTURE_AUTORELEASING = YES;
				CLANG_WARN_BOOL_CONVERSION = YES;
				CLANG_WARN_COMMA = YES;
				CLANG_WARN_CONSTANT_CONVERSION = YES;
				CLANG_WARN_DEPRECATED_OBJC_IMPLEMENTATIONS = YES;
				CLANG_WARN_DIRECT_OBJC_ISA_USAGE = YES_ERROR;
				CLANG_WARN_DOCUMENTATION_COMMENTS = YES;
				CLANG_WARN_EMPTY_BODY = YES;
				CLANG_WARN_ENUM_CONVERSION = YES;
				CLANG_WARN_INFINITE_RECURSION = YES;
				CLANG_WARN_INT_CONVERSION = YES;
				CLANG_WARN_NON_LITERAL_NULL_CONVERSION = YES;
				CLANG_WARN_OBJC_IMPLICIT_RETAIN_SELF = YES;
				CLANG_WARN_OBJC_LITERAL_CONVERSION = YES;
				CLANG_WARN_OBJC_ROOT_CLASS = YES_ERROR;
				CLANG_WARN_QUOTED_INCLUDE_IN_FRAMEWORK_HEADER = YES;
				CLANG_WARN_RANGE_LOOP_ANALYSIS = YES;
				CLANG_WARN_STRICT_PROTOTYPES = YES;
				CLANG_WARN_SUSPICIOUS_MOVE = YES;
				CLANG_WARN_UNGUARDED_AVAILABILITY = YES_AGGRESSIVE;
				CLANG_WARN_UNREACHABLE_CODE = YES;
				CLANG_WARN__DUPLICATE_METHOD_MATCH = YES;
				COPY_PHASE_STRIP = NO;
				DEBUG_INFORMATION_FORMAT = dwarf;
				ENABLE_STRICT_OBJC_MSGSEND = YES;
				ENABLE_TESTABILITY = YES;
				GCC_C_LANGUAGE_STANDARD = gnu11;
				GCC_DYNAMIC_NO_PIC = NO;
				GCC_NO_COMMON_BLOCKS = YES;
				GCC_OPTIMIZATION_LEVEL = 0;
				GCC_PREPROCESSOR_DEFINITIONS = (
					"DEBUG=1",
					"$(inherited)",
				);
				GCC_WARN_64_TO_32_BIT_CONVERSION = YES;
				GCC_WARN_ABOUT_RETURN_TYPE = YES_ERROR;
				GCC_WARN_UNDECLARED_SELECTOR = YES;
				GCC_WARN_UNINITIALIZED_AUTOS = YES_AGGRESSIVE;
				GCC_WARN_UNUSED_FUNCTION = YES;
				GCC_WARN_UNUSED_VARIABLE = YES;
				IPHONEOS_DEPLOYMENT_TARGET = 16.4;
				MTL_ENABLE_DEBUG_INFO = INCLUDE_SOURCE;
				MTL_FAST_MATH = YES;
				ONLY_ACTIVE_ARCH = YES;
				SDKROOT = iphoneos;
				SWIFT_ACTIVE_COMPILATION_CONDITIONS = DEBUG;
				SWIFT_OPTIMIZATION_LEVEL = "-Onone";
			};
			name = Debug;
		};
		F50010F02AAF97200040FBD7 /* Release */ = {
			isa = XCBuildConfiguration;
			buildSettings = {
				ALWAYS_SEARCH_USER_PATHS = NO;
				CLANG_ANALYZER_NONNULL = YES;
				CLANG_ANALYZER_NUMBER_OBJECT_CONVERSION = YES_AGGRESSIVE;
				CLANG_CXX_LANGUAGE_STANDARD = "gnu++20";
				CLANG_ENABLE_MODULES = YES;
				CLANG_ENABLE_OBJC_ARC = YES;
				CLANG_ENABLE_OBJC_WEAK = YES;
				CLANG_WARN_BLOCK_CAPTURE_AUTORELEASING = YES;
				CLANG_WARN_BOOL_CONVERSION = YES;
				CLANG_WARN_COMMA = YES;
				CLANG_WARN_CONSTANT_CONVERSION = YES;
				CLANG_WARN_DEPRECATED_OBJC_IMPLEMENTATIONS = YES;
				CLANG_WARN_DIRECT_OBJC_ISA_USAGE = YES_ERROR;
				CLANG_WARN_DOCUMENTATION_COMMENTS = YES;
				CLANG_WARN_EMPTY_BODY = YES;
				CLANG_WARN_ENUM_CONVERSION = YES;
				CLANG_WARN_INFINITE_RECURSION = YES;
				CLANG_WARN_INT_CONVERSION = YES;
				CLANG_WARN_NON_LITERAL_NULL_CONVERSION = YES;
				CLANG_WARN_OBJC_IMPLICIT_RETAIN_SELF = YES;
				CLANG_WARN_OBJC_LITERAL_CONVERSION = YES;
				CLANG_WARN_OBJC_ROOT_CLASS = YES_ERROR;
				CLANG_WARN_QUOTED_INCLUDE_IN_FRAMEWORK_HEADER = YES;
				CLANG_WARN_RANGE_LOOP_ANALYSIS = YES;
				CLANG_WARN_STRICT_PROTOTYPES = YES;
				CLANG_WARN_SUSPICIOUS_MOVE = YES;
				CLANG_WARN_UNGUARDED_AVAILABILITY = YES_AGGRESSIVE;
				CLANG_WARN_UNREACHABLE_CODE = YES;
				CLANG_WARN__DUPLICATE_METHOD_MATCH = YES;
				COPY_PHASE_STRIP = NO;
				DEBUG_INFORMATION_FORMAT = "dwarf-with-dsym";
				ENABLE_NS_ASSERTIONS = NO;
				ENABLE_STRICT_OBJC_MSGSEND = YES;
				GCC_C_LANGUAGE_STANDARD = gnu11;
				GCC_NO_COMMON_BLOCKS = YES;
				GCC_WARN_64_TO_32_BIT_CONVERSION = YES;
				GCC_WARN_ABOUT_RETURN_TYPE = YES_ERROR;
				GCC_WARN_UNDECLARED_SELECTOR = YES;
				GCC_WARN_UNINITIALIZED_AUTOS = YES_AGGRESSIVE;
				GCC_WARN_UNUSED_FUNCTION = YES;
				GCC_WARN_UNUSED_VARIABLE = YES;
				IPHONEOS_DEPLOYMENT_TARGET = 16.4;
				MTL_ENABLE_DEBUG_INFO = NO;
				MTL_FAST_MATH = YES;
				SDKROOT = iphoneos;
				SWIFT_COMPILATION_MODE = wholemodule;
				SWIFT_OPTIMIZATION_LEVEL = "-O";
				VALIDATE_PRODUCT = YES;
			};
			name = Release;
		};
		F50010F22AAF97200040FBD7 /* Debug */ = {
			isa = XCBuildConfiguration;
			baseConfigurationReference = 2FA9F2AF55D413BFDDCAA45B /* Pods-Gymestry.debug.xcconfig */;
			buildSettings = {
				ASSETCATALOG_COMPILER_APPICON_NAME = AppIcon;
				ASSETCATALOG_COMPILER_GLOBAL_ACCENT_COLOR_NAME = AccentColor;
				CODE_SIGN_STYLE = Automatic;
				CURRENT_PROJECT_VERSION = 1;
				DEVELOPMENT_TEAM = UW76WUSFRW;
				GENERATE_INFOPLIST_FILE = YES;
				INFOPLIST_FILE = Gymestry/Info.plist;
				INFOPLIST_KEY_UIApplicationSupportsIndirectInputEvents = YES;
				INFOPLIST_KEY_UILaunchStoryboardName = LaunchScreen;
				INFOPLIST_KEY_UIMainStoryboardFile = Main;
				INFOPLIST_KEY_UISupportedInterfaceOrientations = UIInterfaceOrientationPortrait;
				INFOPLIST_KEY_UISupportedInterfaceOrientations_iPad = "UIInterfaceOrientationPortrait UIInterfaceOrientationPortraitUpsideDown";
				LD_RUNPATH_SEARCH_PATHS = (
					"$(inherited)",
					"@executable_path/Frameworks",
				);
				MARKETING_VERSION = 1.0;
				PRODUCT_BUNDLE_IDENTIFIER = vlada135.Gymestry;
				PRODUCT_NAME = "$(TARGET_NAME)";
				SWIFT_EMIT_LOC_STRINGS = YES;
				SWIFT_VERSION = 5.0;
				TARGETED_DEVICE_FAMILY = "1,2";
			};
			name = Debug;
		};
		F50010F32AAF97200040FBD7 /* Release */ = {
			isa = XCBuildConfiguration;
			baseConfigurationReference = 37EA37FF66B0764E3C57831B /* Pods-Gymestry.release.xcconfig */;
			buildSettings = {
				ASSETCATALOG_COMPILER_APPICON_NAME = AppIcon;
				ASSETCATALOG_COMPILER_GLOBAL_ACCENT_COLOR_NAME = AccentColor;
				CODE_SIGN_STYLE = Automatic;
				CURRENT_PROJECT_VERSION = 1;
				DEVELOPMENT_TEAM = UW76WUSFRW;
				GENERATE_INFOPLIST_FILE = YES;
				INFOPLIST_FILE = Gymestry/Info.plist;
				INFOPLIST_KEY_UIApplicationSupportsIndirectInputEvents = YES;
				INFOPLIST_KEY_UILaunchStoryboardName = LaunchScreen;
				INFOPLIST_KEY_UIMainStoryboardFile = Main;
				INFOPLIST_KEY_UISupportedInterfaceOrientations = UIInterfaceOrientationPortrait;
				INFOPLIST_KEY_UISupportedInterfaceOrientations_iPad = "UIInterfaceOrientationPortrait UIInterfaceOrientationPortraitUpsideDown";
				LD_RUNPATH_SEARCH_PATHS = (
					"$(inherited)",
					"@executable_path/Frameworks",
				);
				MARKETING_VERSION = 1.0;
				PRODUCT_BUNDLE_IDENTIFIER = vlada135.Gymestry;
				PRODUCT_NAME = "$(TARGET_NAME)";
				SWIFT_EMIT_LOC_STRINGS = YES;
				SWIFT_VERSION = 5.0;
				TARGETED_DEVICE_FAMILY = "1,2";
			};
			name = Release;
		};
/* End XCBuildConfiguration section */

/* Begin XCConfigurationList section */
		F50010D82AAF97200040FBD7 /* Build configuration list for PBXProject "Gymestry" */ = {
			isa = XCConfigurationList;
			buildConfigurations = (
				F50010EF2AAF97200040FBD7 /* Debug */,
				F50010F02AAF97200040FBD7 /* Release */,
			);
			defaultConfigurationIsVisible = 0;
			defaultConfigurationName = Release;
		};
		F50010F12AAF97200040FBD7 /* Build configuration list for PBXNativeTarget "Gymestry" */ = {
			isa = XCConfigurationList;
			buildConfigurations = (
				F50010F22AAF97200040FBD7 /* Debug */,
				F50010F32AAF97200040FBD7 /* Release */,
			);
			defaultConfigurationIsVisible = 0;
			defaultConfigurationName = Release;
		};
/* End XCConfigurationList section */
	};
	rootObject = F50010D52AAF97200040FBD7 /* Project object */;
}
